{
  "name": "animagic",
  "version": "0.1.0",
  "lockfileVersion": 3,
  "requires": true,
  "packages": {
    "": {
      "name": "animagic",
      "version": "0.1.0",
      "dependencies": {
        "@types/node": "20.3.0",
        "@types/react": "18.2.11",
        "@types/react-dom": "18.2.4",
        "autoprefixer": "10.4.14",
        "classnames": "^2.3.2",
        "hls.js": "^1.4.6",
        "next": "13.4.5",
        "postcss": "8.4.24",
        "react": "^18.2.0",
        "react-dom": "^18.2.0",
        "react-hook-form": "^7.45.0-next.1",
        "react-infinite-scroll-component": "^6.1.0",
        "react-slick": "^0.29.0",
        "slick-carousel": "^1.8.1",
        "tailwindcss": "3.3.2",
        "typescript": "5.1.3",
        "video-react": "^0.16.0",
        "zustand": "^4.3.8"
      },
      "devDependencies": {
        "@types/react-slick": "^0.23.10",
        "@types/video-react": "^0.15.1",
        "@types/video.js": "^7.3.52",
        "daisyui": "^3.1.0"
      }
    },
    "node_modules/@alloc/quick-lru": {
      "version": "5.2.0",
      "license": "MIT",
      "engines": {
        "node": ">=10"
      },
      "funding": {
        "url": "https://github.com/sponsors/sindresorhus"
      }
    },
    "node_modules/@babel/runtime": {
      "version": "7.22.5",
      "resolved": "https://registry.npmjs.org/@babel/runtime/-/runtime-7.22.5.tgz",
      "integrity": "sha512-ecjvYlnAaZ/KVneE/OdKYBYfgXV3Ptu6zQWmgEF7vwKhQnvVS6bjMD2XYgj+SNvQ1GfK/pjgokfPkC/2CO8CuA==",
      "dependencies": {
        "regenerator-runtime": "^0.13.11"
      },
      "engines": {
        "node": ">=6.9.0"
      }
    },
    "node_modules/@jridgewell/gen-mapping": {
      "version": "0.3.3",
      "license": "MIT",
      "dependencies": {
        "@jridgewell/set-array": "^1.0.1",
        "@jridgewell/sourcemap-codec": "^1.4.10",
        "@jridgewell/trace-mapping": "^0.3.9"
      },
      "engines": {
        "node": ">=6.0.0"
      }
    },
    "node_modules/@jridgewell/resolve-uri": {
      "version": "3.1.0",
      "license": "MIT",
      "engines": {
        "node": ">=6.0.0"
      }
    },
    "node_modules/@jridgewell/set-array": {
      "version": "1.1.2",
      "license": "MIT",
      "engines": {
        "node": ">=6.0.0"
      }
    },
    "node_modules/@jridgewell/sourcemap-codec": {
      "version": "1.4.15",
      "license": "MIT"
    },
    "node_modules/@jridgewell/trace-mapping": {
      "version": "0.3.18",
      "license": "MIT",
      "dependencies": {
        "@jridgewell/resolve-uri": "3.1.0",
        "@jridgewell/sourcemap-codec": "1.4.14"
      }
    },
    "node_modules/@jridgewell/trace-mapping/node_modules/@jridgewell/sourcemap-codec": {
      "version": "1.4.14",
      "license": "MIT"
    },
    "node_modules/@next/env": {
      "version": "13.4.5",
      "license": "MIT"
    },
    "node_modules/@next/swc-darwin-arm64": {
      "version": "13.4.5",
      "resolved": "https://registry.npmjs.org/@next/swc-darwin-arm64/-/swc-darwin-arm64-13.4.5.tgz",
      "integrity": "sha512-XvTzi2ASUN5bECFIAAcBiSoDb0xsq+KLj4F0bof4d4rdc+FgOqLvseGQaOXwVi1TIh5bHa7o4b6droSJMO5+2g==",
      "cpu": [
        "arm64"
      ],
      "optional": true,
      "os": [
        "darwin"
      ],
      "engines": {
        "node": ">= 10"
      }
    },
    "node_modules/@next/swc-darwin-x64": {
      "version": "13.4.5",
      "resolved": "https://registry.npmjs.org/@next/swc-darwin-x64/-/swc-darwin-x64-13.4.5.tgz",
      "integrity": "sha512-NQdqal/VKAqlJTuzhjZmNtdo8QSqwmfO7b2xJSAengTEVxQvsH76oGEzQeIv8Ci4NP6DysAFtFrJq++TmIxcUA==",
      "cpu": [
        "x64"
      ],
      "optional": true,
      "os": [
        "darwin"
      ],
      "engines": {
        "node": ">= 10"
      }
    },
    "node_modules/@next/swc-linux-arm64-gnu": {
      "version": "13.4.5",
      "resolved": "https://registry.npmjs.org/@next/swc-linux-arm64-gnu/-/swc-linux-arm64-gnu-13.4.5.tgz",
      "integrity": "sha512-nB8TjtpJCXtzIFjYOMbnQu68ajkA8QK58TreHjTGojSQjsF0StDqo5zFHglVVVHrd8d3N/+EjC18yFNSWnd/ZA==",
      "cpu": [
        "arm64"
      ],
      "optional": true,
      "os": [
        "linux"
      ],
      "engines": {
        "node": ">= 10"
      }
    },
    "node_modules/@next/swc-linux-arm64-musl": {
      "version": "13.4.5",
      "resolved": "https://registry.npmjs.org/@next/swc-linux-arm64-musl/-/swc-linux-arm64-musl-13.4.5.tgz",
      "integrity": "sha512-W126XUW599OV3giSH9Co40VpT8VAOT47xONVHXZaYEpeca0qEevjj6WUr5IJu/8u+XGWm5xI1S0DYWjR6W+olw==",
      "cpu": [
        "arm64"
      ],
      "optional": true,
      "os": [
        "linux"
      ],
      "engines": {
        "node": ">= 10"
      }
    },
    "node_modules/@next/swc-linux-x64-gnu": {
      "version": "13.4.5",
      "resolved": "https://registry.npmjs.org/@next/swc-linux-x64-gnu/-/swc-linux-x64-gnu-13.4.5.tgz",
      "integrity": "sha512-ZbPLO/oztQdtjGmWvGhRmtkZ6j9kQqg65kiO7F7Ijj7ojTtu3hh/vY+XRsHa/4Cse6HgyJ8XGZJMGoLb8ecQfQ==",
      "cpu": [
        "x64"
      ],
      "optional": true,
      "os": [
        "linux"
      ],
      "engines": {
        "node": ">= 10"
      }
    },
    "node_modules/@next/swc-linux-x64-musl": {
      "version": "13.4.5",
      "resolved": "https://registry.npmjs.org/@next/swc-linux-x64-musl/-/swc-linux-x64-musl-13.4.5.tgz",
      "integrity": "sha512-f+/h8KMNixVUoRB+2vza8I+jsthJ4KcvopGUsDIUHe7Q4t+m8nKwGFBeyNu9qNIenYK5g5QYEsSwYFEqZylrTQ==",
      "cpu": [
        "x64"
      ],
      "optional": true,
      "os": [
        "linux"
      ],
      "engines": {
        "node": ">= 10"
      }
    },
    "node_modules/@next/swc-win32-arm64-msvc": {
      "version": "13.4.5",
      "resolved": "https://registry.npmjs.org/@next/swc-win32-arm64-msvc/-/swc-win32-arm64-msvc-13.4.5.tgz",
      "integrity": "sha512-dvtPQZ5+J+zUE1uq7gP853Oj63e+n0T1ydZ/yRdVh7d8zW9ZFuC9fFrg3MqP1cv1NPPur8rrTqDKN2mRBkSSBw==",
      "cpu": [
        "arm64"
      ],
      "optional": true,
      "os": [
        "win32"
      ],
      "engines": {
        "node": ">= 10"
      }
    },
    "node_modules/@next/swc-win32-ia32-msvc": {
      "version": "13.4.5",
      "resolved": "https://registry.npmjs.org/@next/swc-win32-ia32-msvc/-/swc-win32-ia32-msvc-13.4.5.tgz",
      "integrity": "sha512-gK9zwGe25x31S4AjPy3Bf2niQvHIAbmwgkzmqWG3OmD4K2Z/Dh2ju4vuyzPzIt0pwQe4B520meP9NizTBmVWSg==",
      "cpu": [
        "ia32"
      ],
      "optional": true,
      "os": [
        "win32"
      ],
      "engines": {
        "node": ">= 10"
      }
    },
    "node_modules/@next/swc-win32-x64-msvc": {
      "version": "13.4.5",
      "cpu": [
        "x64"
      ],
      "license": "MIT",
      "optional": true,
      "os": [
        "win32"
      ],
      "engines": {
        "node": ">= 10"
      }
    },
    "node_modules/@nodelib/fs.scandir": {
      "version": "2.1.5",
      "license": "MIT",
      "dependencies": {
        "@nodelib/fs.stat": "2.0.5",
        "run-parallel": "^1.1.9"
      },
      "engines": {
        "node": ">= 8"
      }
    },
    "node_modules/@nodelib/fs.stat": {
      "version": "2.0.5",
      "license": "MIT",
      "engines": {
        "node": ">= 8"
      }
    },
    "node_modules/@nodelib/fs.walk": {
      "version": "1.2.8",
      "license": "MIT",
      "dependencies": {
        "@nodelib/fs.scandir": "2.1.5",
        "fastq": "^1.6.0"
      },
      "engines": {
        "node": ">= 8"
      }
    },
    "node_modules/@swc/helpers": {
      "version": "0.5.1",
      "license": "Apache-2.0",
      "dependencies": {
        "tslib": "^2.4.0"
      }
    },
    "node_modules/@types/node": {
      "version": "20.3.0",
      "resolved": "https://registry.npmjs.org/@types/node/-/node-20.3.0.tgz",
      "integrity": "sha512-cumHmIAf6On83X7yP+LrsEyUOf/YlociZelmpRYaGFydoaPdxdt80MAbu6vWerQT2COCp2nPvHdsbD7tHn/YlQ=="
    },
    "node_modules/@types/prop-types": {
      "version": "15.7.5",
      "license": "MIT"
    },
    "node_modules/@types/react": {
      "version": "18.2.11",
      "resolved": "https://registry.npmjs.org/@types/react/-/react-18.2.11.tgz",
      "integrity": "sha512-+hsJr9hmwyDecSMQAmX7drgbDpyE+EgSF6t7+5QEBAn1tQK7kl1vWZ4iRf6SjQ8lk7dyEULxUmZOIpN0W5baZA==",
      "dependencies": {
        "@types/prop-types": "*",
        "@types/scheduler": "*",
        "csstype": "^3.0.2"
      }
    },
    "node_modules/@types/react-dom": {
      "version": "18.2.4",
      "resolved": "https://registry.npmjs.org/@types/react-dom/-/react-dom-18.2.4.tgz",
      "integrity": "sha512-G2mHoTMTL4yoydITgOGwWdWMVd8sNgyEP85xVmMKAPUBwQWm9wBPQUmvbeF4V3WBY1P7mmL4BkjQ0SqUpf1snw==",
      "dependencies": {
        "@types/react": "*"
      }
    },
    "node_modules/@types/react-slick": {
      "version": "0.23.10",
      "resolved": "https://registry.npmjs.org/@types/react-slick/-/react-slick-0.23.10.tgz",
      "integrity": "sha512-ZiqdencANDZy6sWOWJ54LDvebuXFEhDlHtXU9FFipQR2BcYU2QJxZhvJPW6YK7cocibUiNn+YvDTbt1HtCIBVA==",
      "dev": true,
      "dependencies": {
        "@types/react": "*"
      }
    },
    "node_modules/@types/scheduler": {
      "version": "0.16.3",
      "license": "MIT"
    },
    "node_modules/@types/video-react": {
      "version": "0.15.1",
      "resolved": "https://registry.npmjs.org/@types/video-react/-/video-react-0.15.1.tgz",
      "integrity": "sha512-OFndW9sVCX7yTHnt6cGWE88IAVMm6RcS4YN15N+i0o5yYDFQhPc3ChmiyNkQXk6HuBBLQDu6Fyy5FH3Dv/F5IA==",
      "dev": true,
      "dependencies": {
        "@types/react": "*"
      }
    },
    "node_modules/@types/video.js": {
      "version": "7.3.52",
      "resolved": "https://registry.npmjs.org/@types/video.js/-/video.js-7.3.52.tgz",
      "integrity": "sha512-WFj/HkNVCfkchXDeDU0QbimC356FB5vva3g5mgsjk8n3UMKqP9S522rQAmu9LGPiCmShZRPuAlkXmbp5WId6ow==",
      "dev": true
    },
    "node_modules/any-promise": {
      "version": "1.3.0",
      "license": "MIT"
    },
    "node_modules/anymatch": {
      "version": "3.1.3",
      "license": "ISC",
      "dependencies": {
        "normalize-path": "^3.0.0",
        "picomatch": "^2.0.4"
      },
      "engines": {
        "node": ">= 8"
      }
    },
    "node_modules/arg": {
      "version": "5.0.2",
      "license": "MIT"
    },
    "node_modules/autoprefixer": {
      "version": "10.4.14",
      "resolved": "https://registry.npmjs.org/autoprefixer/-/autoprefixer-10.4.14.tgz",
      "integrity": "sha512-FQzyfOsTlwVzjHxKEqRIAdJx9niO6VCBCoEwax/VLSoQF29ggECcPuBqUMZ+u8jCZOPSy8b8/8KnuFbp0SaFZQ==",
      "funding": [
        {
          "type": "opencollective",
          "url": "https://opencollective.com/postcss/"
        },
        {
          "type": "tidelift",
          "url": "https://tidelift.com/funding/github/npm/autoprefixer"
        }
      ],
      "dependencies": {
        "browserslist": "^4.21.5",
        "caniuse-lite": "^1.0.30001464",
        "fraction.js": "^4.2.0",
        "normalize-range": "^0.1.2",
        "picocolors": "^1.0.0",
        "postcss-value-parser": "^4.2.0"
      },
      "bin": {
        "autoprefixer": "bin/autoprefixer"
      },
      "engines": {
        "node": "^10 || ^12 || >=14"
      },
      "peerDependencies": {
        "postcss": "^8.1.0"
      }
    },
    "node_modules/balanced-match": {
      "version": "1.0.2",
      "license": "MIT"
    },
    "node_modules/binary-extensions": {
      "version": "2.2.0",
      "license": "MIT",
      "engines": {
        "node": ">=8"
      }
    },
    "node_modules/brace-expansion": {
      "version": "1.1.11",
      "license": "MIT",
      "dependencies": {
        "balanced-match": "^1.0.0",
        "concat-map": "0.0.1"
      }
    },
    "node_modules/braces": {
      "version": "3.0.2",
      "license": "MIT",
      "dependencies": {
        "fill-range": "^7.0.1"
      },
      "engines": {
        "node": ">=8"
      }
    },
    "node_modules/browserslist": {
      "version": "4.21.7",
      "funding": [
        {
          "type": "opencollective",
          "url": "https://opencollective.com/browserslist"
        },
        {
          "type": "tidelift",
          "url": "https://tidelift.com/funding/github/npm/browserslist"
        },
        {
          "type": "github",
          "url": "https://github.com/sponsors/ai"
        }
      ],
      "license": "MIT",
      "dependencies": {
        "caniuse-lite": "^1.0.30001489",
        "electron-to-chromium": "^1.4.411",
        "node-releases": "^2.0.12",
        "update-browserslist-db": "^1.0.11"
      },
      "bin": {
        "browserslist": "cli.js"
      },
      "engines": {
        "node": "^6 || ^7 || ^8 || ^9 || ^10 || ^11 || ^12 || >=13.7"
      }
    },
    "node_modules/busboy": {
      "version": "1.6.0",
      "dependencies": {
        "streamsearch": "^1.1.0"
      },
      "engines": {
        "node": ">=10.16.0"
      }
    },
    "node_modules/camelcase-css": {
      "version": "2.0.1",
      "license": "MIT",
      "engines": {
        "node": ">= 6"
      }
    },
    "node_modules/caniuse-lite": {
      "version": "1.0.30001502",
      "funding": [
        {
          "type": "opencollective",
          "url": "https://opencollective.com/browserslist"
        },
        {
          "type": "tidelift",
          "url": "https://tidelift.com/funding/github/npm/caniuse-lite"
        },
        {
          "type": "github",
          "url": "https://github.com/sponsors/ai"
        }
      ],
      "license": "CC-BY-4.0"
    },
    "node_modules/chokidar": {
      "version": "3.5.3",
      "funding": [
        {
          "type": "individual",
          "url": "https://paulmillr.com/funding/"
        }
      ],
      "license": "MIT",
      "dependencies": {
        "anymatch": "~3.1.2",
        "braces": "~3.0.2",
        "glob-parent": "~5.1.2",
        "is-binary-path": "~2.1.0",
        "is-glob": "~4.0.1",
        "normalize-path": "~3.0.0",
        "readdirp": "~3.6.0"
      },
      "engines": {
        "node": ">= 8.10.0"
      },
      "optionalDependencies": {
        "fsevents": "~2.3.2"
      }
    },
    "node_modules/chokidar/node_modules/fsevents": {
      "version": "2.3.2",
      "resolved": "https://registry.npmjs.org/fsevents/-/fsevents-2.3.2.tgz",
      "integrity": "sha512-xiqMQR4xAeHTuB9uWm+fFRcIOgKBMiOBP+eXiyT7jsgVCq1bkVygt00oASowB7EdtpOHaaPgKt812P9ab+DDKA==",
      "hasInstallScript": true,
      "optional": true,
      "os": [
        "darwin"
      ],
      "engines": {
        "node": "^8.16.0 || ^10.6.0 || >=11.0.0"
      }
    },
    "node_modules/chokidar/node_modules/glob-parent": {
      "version": "5.1.2",
      "license": "ISC",
      "dependencies": {
        "is-glob": "^4.0.1"
      },
      "engines": {
        "node": ">= 6"
      }
    },
    "node_modules/classnames": {
      "version": "2.3.2",
      "resolved": "https://registry.npmjs.org/classnames/-/classnames-2.3.2.tgz",
      "integrity": "sha512-CSbhY4cFEJRe6/GQzIk5qXZ4Jeg5pcsP7b5peFSDpffpe1cqjASH/n9UTjBwOp6XpMSTwQ8Za2K5V02ueA7Tmw=="
    },
    "node_modules/client-only": {
      "version": "0.0.1",
      "license": "MIT"
    },
    "node_modules/colord": {
      "version": "2.9.3",
      "resolved": "https://registry.npmjs.org/colord/-/colord-2.9.3.tgz",
      "integrity": "sha512-jeC1axXpnb0/2nn/Y1LPuLdgXBLH7aDcHu4KEKfqw3CUhX7ZpfBSlPKyqXE6btIgEzfWtrX3/tyBCaCvXvMkOw==",
      "dev": true
    },
    "node_modules/commander": {
      "version": "4.1.1",
      "license": "MIT",
      "engines": {
        "node": ">= 6"
      }
    },
    "node_modules/concat-map": {
      "version": "0.0.1",
      "license": "MIT"
    },
    "node_modules/css-selector-tokenizer": {
      "version": "0.8.0",
      "resolved": "https://registry.npmjs.org/css-selector-tokenizer/-/css-selector-tokenizer-0.8.0.tgz",
      "integrity": "sha512-Jd6Ig3/pe62/qe5SBPTN8h8LeUg/pT4lLgtavPf7updwwHpvFzxvOQBHYj2LZDMjUnBzgvIUSjRcf6oT5HzHFg==",
      "dev": true,
      "dependencies": {
        "cssesc": "^3.0.0",
        "fastparse": "^1.1.2"
      }
    },
    "node_modules/cssesc": {
      "version": "3.0.0",
      "license": "MIT",
      "bin": {
        "cssesc": "bin/cssesc"
      },
      "engines": {
        "node": ">=4"
      }
    },
    "node_modules/csstype": {
      "version": "3.1.2",
      "license": "MIT"
    },
    "node_modules/daisyui": {
      "version": "3.1.0",
      "resolved": "https://registry.npmjs.org/daisyui/-/daisyui-3.1.0.tgz",
      "integrity": "sha512-G4dz/bRZVvlhQ/FtezXSg0rXOXzDJ0PcnMqeLSwCYNWXxf46fNJ8LWeV5qwsYOdJbXiXoZLnwyy+BsNoWZ+Bjg==",
      "dev": true,
      "dependencies": {
        "colord": "^2.9",
        "css-selector-tokenizer": "^0.8",
        "postcss-js": "^4",
        "tailwindcss": "^3"
      },
      "engines": {
        "node": ">=16.9.0"
      },
      "funding": {
        "type": "opencollective",
        "url": "https://opencollective.com/daisyui"
      },
      "peerDependencies": {
        "postcss": "^8"
      }
    },
    "node_modules/didyoumean": {
      "version": "1.2.2",
      "license": "Apache-2.0"
    },
    "node_modules/dlv": {
      "version": "1.1.3",
      "license": "MIT"
    },
    "node_modules/electron-to-chromium": {
      "version": "1.4.427",
      "license": "ISC"
    },
    "node_modules/enquire.js": {
      "version": "2.1.6",
      "resolved": "https://registry.npmjs.org/enquire.js/-/enquire.js-2.1.6.tgz",
      "integrity": "sha512-/KujNpO+PT63F7Hlpu4h3pE3TokKRHN26JYmQpPyjkRD/N57R7bPDNojMXdi7uveAKjYB7yQnartCxZnFWr0Xw=="
    },
    "node_modules/escalade": {
      "version": "3.1.1",
      "license": "MIT",
      "engines": {
        "node": ">=6"
      }
    },
    "node_modules/fast-glob": {
      "version": "3.2.12",
      "license": "MIT",
      "dependencies": {
        "@nodelib/fs.stat": "^2.0.2",
        "@nodelib/fs.walk": "^1.2.3",
        "glob-parent": "^5.1.2",
        "merge2": "^1.3.0",
        "micromatch": "^4.0.4"
      },
      "engines": {
        "node": ">=8.6.0"
      }
    },
    "node_modules/fast-glob/node_modules/glob-parent": {
      "version": "5.1.2",
      "license": "ISC",
      "dependencies": {
        "is-glob": "^4.0.1"
      },
      "engines": {
        "node": ">= 6"
      }
    },
    "node_modules/fastparse": {
      "version": "1.1.2",
      "resolved": "https://registry.npmjs.org/fastparse/-/fastparse-1.1.2.tgz",
      "integrity": "sha512-483XLLxTVIwWK3QTrMGRqUfUpoOs/0hbQrl2oz4J0pAcm3A3bu84wxTFqGqkJzewCLdME38xJLJAxBABfQT8sQ==",
      "dev": true
    },
    "node_modules/fastq": {
      "version": "1.15.0",
      "license": "ISC",
      "dependencies": {
        "reusify": "^1.0.4"
      }
    },
    "node_modules/fill-range": {
      "version": "7.0.1",
      "license": "MIT",
      "dependencies": {
        "to-regex-range": "^5.0.1"
      },
      "engines": {
        "node": ">=8"
      }
    },
    "node_modules/fraction.js": {
      "version": "4.2.0",
      "license": "MIT",
      "engines": {
        "node": "*"
      },
      "funding": {
        "type": "patreon",
        "url": "https://www.patreon.com/infusion"
      }
    },
    "node_modules/fs.realpath": {
      "version": "1.0.0",
      "license": "ISC"
    },
    "node_modules/function-bind": {
      "version": "1.1.1",
      "license": "MIT"
    },
    "node_modules/glob": {
      "version": "7.1.6",
      "license": "ISC",
      "dependencies": {
        "fs.realpath": "^1.0.0",
        "inflight": "^1.0.4",
        "inherits": "2",
        "minimatch": "^3.0.4",
        "once": "^1.3.0",
        "path-is-absolute": "^1.0.0"
      },
      "engines": {
        "node": "*"
      },
      "funding": {
        "url": "https://github.com/sponsors/isaacs"
      }
    },
    "node_modules/glob-parent": {
      "version": "6.0.2",
      "license": "ISC",
      "dependencies": {
        "is-glob": "^4.0.3"
      },
      "engines": {
        "node": ">=10.13.0"
      }
    },
    "node_modules/glob-to-regexp": {
      "version": "0.4.1",
      "license": "BSD-2-Clause"
    },
    "node_modules/graceful-fs": {
      "version": "4.2.11",
      "license": "ISC"
    },
    "node_modules/has": {
      "version": "1.0.3",
      "license": "MIT",
      "dependencies": {
        "function-bind": "^1.1.1"
      },
      "engines": {
        "node": ">= 0.4.0"
      }
    },
    "node_modules/hls.js": {
      "version": "1.4.6",
      "resolved": "https://registry.npmjs.org/hls.js/-/hls.js-1.4.6.tgz",
      "integrity": "sha512-lGv9QfjfjfuGQfLa/28vDFlYWb9Myq5QuvM9qWp5DyElp8jTGMNodTdeAjOLzaA/fN4XHeG+HhTkRGzntwuDZw=="
    },
    "node_modules/inflight": {
      "version": "1.0.6",
      "license": "ISC",
      "dependencies": {
        "once": "^1.3.0",
        "wrappy": "1"
      }
    },
    "node_modules/inherits": {
      "version": "2.0.4",
      "license": "ISC"
    },
    "node_modules/is-binary-path": {
      "version": "2.1.0",
      "license": "MIT",
      "dependencies": {
        "binary-extensions": "^2.0.0"
      },
      "engines": {
        "node": ">=8"
      }
    },
    "node_modules/is-core-module": {
      "version": "2.12.1",
      "license": "MIT",
      "dependencies": {
        "has": "^1.0.3"
      },
      "funding": {
        "url": "https://github.com/sponsors/ljharb"
      }
    },
    "node_modules/is-extglob": {
      "version": "2.1.1",
      "license": "MIT",
      "engines": {
        "node": ">=0.10.0"
      }
    },
    "node_modules/is-glob": {
      "version": "4.0.3",
      "license": "MIT",
      "dependencies": {
        "is-extglob": "^2.1.1"
      },
      "engines": {
        "node": ">=0.10.0"
      }
    },
    "node_modules/is-number": {
      "version": "7.0.0",
      "license": "MIT",
      "engines": {
        "node": ">=0.12.0"
      }
    },
    "node_modules/jiti": {
      "version": "1.18.2",
      "license": "MIT",
      "bin": {
        "jiti": "bin/jiti.js"
      }
    },
    "node_modules/js-tokens": {
      "version": "4.0.0",
      "license": "MIT"
    },
    "node_modules/json2mq": {
      "version": "0.2.0",
      "resolved": "https://registry.npmjs.org/json2mq/-/json2mq-0.2.0.tgz",
      "integrity": "sha512-SzoRg7ux5DWTII9J2qkrZrqV1gt+rTaoufMxEzXbS26Uid0NwaJd123HcoB80TgubEppxxIGdNxCx50fEoEWQA==",
      "dependencies": {
        "string-convert": "^0.2.0"
      }
    },
    "node_modules/lilconfig": {
      "version": "2.1.0",
      "license": "MIT",
      "engines": {
        "node": ">=10"
      }
    },
    "node_modules/lines-and-columns": {
      "version": "1.2.4",
      "license": "MIT"
    },
    "node_modules/lodash.debounce": {
      "version": "4.0.8",
      "resolved": "https://registry.npmjs.org/lodash.debounce/-/lodash.debounce-4.0.8.tgz",
      "integrity": "sha512-FT1yDzDYEoYWhnSGnpE/4Kj1fLZkDFyqRb7fNt6FdYOSxlUWAtp42Eh6Wb0rGIv/m9Bgo7x4GhQbm5Ys4SG5ow=="
    },
    "node_modules/lodash.throttle": {
      "version": "4.1.1",
      "resolved": "https://registry.npmjs.org/lodash.throttle/-/lodash.throttle-4.1.1.tgz",
      "integrity": "sha512-wIkUCfVKpVsWo3JSZlc+8MB5it+2AN5W8J7YVMST30UrvcQNZ1Okbj+rbVniijTWE6FGYy4XJq/rHkas8qJMLQ=="
    },
    "node_modules/loose-envify": {
      "version": "1.4.0",
      "license": "MIT",
      "dependencies": {
        "js-tokens": "^3.0.0 || ^4.0.0"
      },
      "bin": {
        "loose-envify": "cli.js"
      }
    },
    "node_modules/merge2": {
      "version": "1.4.1",
      "license": "MIT",
      "engines": {
        "node": ">= 8"
      }
    },
    "node_modules/micromatch": {
      "version": "4.0.5",
      "license": "MIT",
      "dependencies": {
        "braces": "^3.0.2",
        "picomatch": "^2.3.1"
      },
      "engines": {
        "node": ">=8.6"
      }
    },
    "node_modules/minimatch": {
      "version": "3.1.2",
      "license": "ISC",
      "dependencies": {
        "brace-expansion": "^1.1.7"
      },
      "engines": {
        "node": "*"
      }
    },
    "node_modules/mz": {
      "version": "2.7.0",
      "license": "MIT",
      "dependencies": {
        "any-promise": "^1.0.0",
        "object-assign": "^4.0.1",
        "thenify-all": "^1.0.0"
      }
    },
    "node_modules/nanoid": {
      "version": "3.3.6",
      "funding": [
        {
          "type": "github",
          "url": "https://github.com/sponsors/ai"
        }
      ],
      "license": "MIT",
      "bin": {
        "nanoid": "bin/nanoid.cjs"
      },
      "engines": {
        "node": "^10 || ^12 || ^13.7 || ^14 || >=15.0.1"
      }
    },
    "node_modules/next": {
      "version": "13.4.5",
      "resolved": "https://registry.npmjs.org/next/-/next-13.4.5.tgz",
      "integrity": "sha512-pfNsRLVM9e5Y1/z02VakJRfD6hMQkr24FaN2xc9GbcZDBxoOgiNAViSg5cXwlWCoMhtm4U315D7XYhgOr96Q3Q==",
      "dependencies": {
        "@next/env": "13.4.5",
        "@swc/helpers": "0.5.1",
        "busboy": "1.6.0",
        "caniuse-lite": "^1.0.30001406",
        "postcss": "8.4.14",
        "styled-jsx": "5.1.1",
        "watchpack": "2.4.0",
        "zod": "3.21.4"
      },
      "bin": {
        "next": "dist/bin/next"
      },
      "engines": {
        "node": ">=16.8.0"
      },
      "optionalDependencies": {
        "@next/swc-darwin-arm64": "13.4.5",
        "@next/swc-darwin-x64": "13.4.5",
        "@next/swc-linux-arm64-gnu": "13.4.5",
        "@next/swc-linux-arm64-musl": "13.4.5",
        "@next/swc-linux-x64-gnu": "13.4.5",
        "@next/swc-linux-x64-musl": "13.4.5",
        "@next/swc-win32-arm64-msvc": "13.4.5",
        "@next/swc-win32-ia32-msvc": "13.4.5",
        "@next/swc-win32-x64-msvc": "13.4.5"
      },
      "peerDependencies": {
        "@opentelemetry/api": "^1.1.0",
        "fibers": ">= 3.1.0",
        "react": "^18.2.0",
        "react-dom": "^18.2.0",
        "sass": "^1.3.0"
      },
      "peerDependenciesMeta": {
        "@opentelemetry/api": {
          "optional": true
        },
        "fibers": {
          "optional": true
        },
        "sass": {
          "optional": true
        }
      }
    },
    "node_modules/next/node_modules/postcss": {
      "version": "8.4.14",
      "funding": [
        {
          "type": "opencollective",
          "url": "https://opencollective.com/postcss/"
        },
        {
          "type": "tidelift",
          "url": "https://tidelift.com/funding/github/npm/postcss"
        }
      ],
      "license": "MIT",
      "dependencies": {
        "nanoid": "^3.3.4",
        "picocolors": "^1.0.0",
        "source-map-js": "^1.0.2"
      },
      "engines": {
        "node": "^10 || ^12 || >=14"
      }
    },
    "node_modules/node-releases": {
      "version": "2.0.12",
      "license": "MIT"
    },
    "node_modules/normalize-path": {
      "version": "3.0.0",
      "license": "MIT",
      "engines": {
        "node": ">=0.10.0"
      }
    },
    "node_modules/normalize-range": {
      "version": "0.1.2",
      "license": "MIT",
      "engines": {
        "node": ">=0.10.0"
      }
    },
    "node_modules/object-assign": {
      "version": "4.1.1",
      "license": "MIT",
      "engines": {
        "node": ">=0.10.0"
      }
    },
    "node_modules/object-hash": {
      "version": "3.0.0",
      "license": "MIT",
      "engines": {
        "node": ">= 6"
      }
    },
    "node_modules/once": {
      "version": "1.4.0",
      "license": "ISC",
      "dependencies": {
        "wrappy": "1"
      }
    },
    "node_modules/path-is-absolute": {
      "version": "1.0.1",
      "license": "MIT",
      "engines": {
        "node": ">=0.10.0"
      }
    },
    "node_modules/path-parse": {
      "version": "1.0.7",
      "license": "MIT"
    },
    "node_modules/picocolors": {
      "version": "1.0.0",
      "license": "ISC"
    },
    "node_modules/picomatch": {
      "version": "2.3.1",
      "license": "MIT",
      "engines": {
        "node": ">=8.6"
      },
      "funding": {
        "url": "https://github.com/sponsors/jonschlinkert"
      }
    },
    "node_modules/pify": {
      "version": "2.3.0",
      "license": "MIT",
      "engines": {
        "node": ">=0.10.0"
      }
    },
    "node_modules/pirates": {
      "version": "4.0.5",
      "license": "MIT",
      "engines": {
        "node": ">= 6"
      }
    },
    "node_modules/postcss": {
      "version": "8.4.24",
      "resolved": "https://registry.npmjs.org/postcss/-/postcss-8.4.24.tgz",
      "integrity": "sha512-M0RzbcI0sO/XJNucsGjvWU9ERWxb/ytp1w6dKtxTKgixdtQDq4rmx/g8W1hnaheq9jgwL/oyEdH5Bc4WwJKMqg==",
      "funding": [
        {
          "type": "opencollective",
          "url": "https://opencollective.com/postcss/"
        },
        {
          "type": "tidelift",
          "url": "https://tidelift.com/funding/github/npm/postcss"
        },
        {
          "type": "github",
          "url": "https://github.com/sponsors/ai"
        }
      ],
      "dependencies": {
        "nanoid": "^3.3.6",
        "picocolors": "^1.0.0",
        "source-map-js": "^1.0.2"
      },
      "engines": {
        "node": "^10 || ^12 || >=14"
      }
    },
    "node_modules/postcss-import": {
      "version": "15.1.0",
      "license": "MIT",
      "dependencies": {
        "postcss-value-parser": "^4.0.0",
        "read-cache": "^1.0.0",
        "resolve": "^1.1.7"
      },
      "engines": {
        "node": ">=14.0.0"
      },
      "peerDependencies": {
        "postcss": "^8.0.0"
      }
    },
    "node_modules/postcss-js": {
      "version": "4.0.1",
      "license": "MIT",
      "dependencies": {
        "camelcase-css": "^2.0.1"
      },
      "engines": {
        "node": "^12 || ^14 || >= 16"
      },
      "funding": {
        "type": "opencollective",
        "url": "https://opencollective.com/postcss/"
      },
      "peerDependencies": {
        "postcss": "^8.4.21"
      }
    },
    "node_modules/postcss-load-config": {
      "version": "4.0.1",
      "license": "MIT",
      "dependencies": {
        "lilconfig": "^2.0.5",
        "yaml": "^2.1.1"
      },
      "engines": {
        "node": ">= 14"
      },
      "funding": {
        "type": "opencollective",
        "url": "https://opencollective.com/postcss/"
      },
      "peerDependencies": {
        "postcss": ">=8.0.9",
        "ts-node": ">=9.0.0"
      },
      "peerDependenciesMeta": {
        "postcss": {
          "optional": true
        },
        "ts-node": {
          "optional": true
        }
      }
    },
    "node_modules/postcss-nested": {
      "version": "6.0.1",
      "license": "MIT",
      "dependencies": {
        "postcss-selector-parser": "^6.0.11"
      },
      "engines": {
        "node": ">=12.0"
      },
      "funding": {
        "type": "opencollective",
        "url": "https://opencollective.com/postcss/"
      },
      "peerDependencies": {
        "postcss": "^8.2.14"
      }
    },
    "node_modules/postcss-selector-parser": {
      "version": "6.0.13",
      "license": "MIT",
      "dependencies": {
        "cssesc": "^3.0.0",
        "util-deprecate": "^1.0.2"
      },
      "engines": {
        "node": ">=4"
      }
    },
    "node_modules/postcss-value-parser": {
      "version": "4.2.0",
      "license": "MIT"
    },
    "node_modules/prop-types": {
      "version": "15.8.1",
      "resolved": "https://registry.npmjs.org/prop-types/-/prop-types-15.8.1.tgz",
      "integrity": "sha512-oj87CgZICdulUohogVAR7AjlC0327U4el4L6eAvOqCeudMDVU0NThNaV+b9Df4dXgSP1gXMTnPdhfe/2qDH5cg==",
      "dependencies": {
        "loose-envify": "^1.4.0",
        "object-assign": "^4.1.1",
        "react-is": "^16.13.1"
      }
    },
    "node_modules/queue-microtask": {
      "version": "1.2.3",
      "funding": [
        {
          "type": "github",
          "url": "https://github.com/sponsors/feross"
        },
        {
          "type": "patreon",
          "url": "https://www.patreon.com/feross"
        },
        {
          "type": "consulting",
          "url": "https://feross.org/support"
        }
      ],
      "license": "MIT"
    },
    "node_modules/react": {
      "version": "18.2.0",
      "resolved": "https://registry.npmjs.org/react/-/react-18.2.0.tgz",
      "integrity": "sha512-/3IjMdb2L9QbBdWiW5e3P2/npwMBaU9mHCSCUzNln0ZCYbcfTsGbTJrU/kGemdH2IWmB2ioZ+zkxtmq6g09fGQ==",
      "dependencies": {
        "loose-envify": "^1.1.0"
      },
      "engines": {
        "node": ">=0.10.0"
      }
    },
    "node_modules/react-dom": {
      "version": "18.2.0",
      "resolved": "https://registry.npmjs.org/react-dom/-/react-dom-18.2.0.tgz",
      "integrity": "sha512-6IMTriUmvsjHUjNtEDudZfuDQUoWXVxKHhlEGSk81n4YFS+r/Kl99wXiwlVXtPBtJenozv2P+hxDsw9eA7Xo6g==",
      "dependencies": {
        "loose-envify": "^1.1.0",
        "scheduler": "^0.23.0"
      },
      "peerDependencies": {
        "react": "^18.2.0"
      }
    },
    "node_modules/react-hook-form": {
      "version": "7.45.0-next.1",
      "resolved": "https://registry.npmjs.org/react-hook-form/-/react-hook-form-7.45.0-next.1.tgz",
      "integrity": "sha512-ksvvJm6c+rBl6XbXGj4GJhL073DRkIsDv0fvunaueeIC2ydp9YKozt8ofNEPimQ9XU3HOI+wuQBkXtYmVJCEpQ==",
      "engines": {
        "node": ">=12.22.0"
      },
      "funding": {
        "type": "opencollective",
        "url": "https://opencollective.com/react-hook-form"
      },
      "peerDependencies": {
        "react": "^16.8.0 || ^17 || ^18"
      }
    },
    "node_modules/react-infinite-scroll-component": {
      "version": "6.1.0",
      "resolved": "https://registry.npmjs.org/react-infinite-scroll-component/-/react-infinite-scroll-component-6.1.0.tgz",
      "integrity": "sha512-SQu5nCqy8DxQWpnUVLx7V7b7LcA37aM7tvoWjTLZp1dk6EJibM5/4EJKzOnl07/BsM1Y40sKLuqjCwwH/xV0TQ==",
      "dependencies": {
        "throttle-debounce": "^2.1.0"
      },
      "peerDependencies": {
        "react": ">=16.0.0"
      }
    },
    "node_modules/react-is": {
      "version": "16.13.1",
      "resolved": "https://registry.npmjs.org/react-is/-/react-is-16.13.1.tgz",
      "integrity": "sha512-24e6ynE2H+OKt4kqsOvNd8kBpV65zoxbA4BVsEOB3ARVWQki/DHzaUoC5KuON/BiccDaCCTZBuOcfZs70kR8bQ=="
    },
    "node_modules/react-slick": {
      "version": "0.29.0",
      "resolved": "https://registry.npmjs.org/react-slick/-/react-slick-0.29.0.tgz",
      "integrity": "sha512-TGdOKE+ZkJHHeC4aaoH85m8RnFyWqdqRfAGkhd6dirmATXMZWAxOpTLmw2Ll/jPTQ3eEG7ercFr/sbzdeYCJXA==",
      "dependencies": {
        "classnames": "^2.2.5",
        "enquire.js": "^2.1.6",
        "json2mq": "^0.2.0",
        "lodash.debounce": "^4.0.8",
        "resize-observer-polyfill": "^1.5.0"
      },
      "peerDependencies": {
        "react": "^0.14.0 || ^15.0.1 || ^16.0.0 || ^17.0.0 || ^18.0.0",
        "react-dom": "^0.14.0 || ^15.0.1 || ^16.0.0 || ^17.0.0 || ^18.0.0"
      }
    },
    "node_modules/read-cache": {
      "version": "1.0.0",
      "license": "MIT",
      "dependencies": {
        "pify": "^2.3.0"
      }
    },
    "node_modules/readdirp": {
      "version": "3.6.0",
      "license": "MIT",
      "dependencies": {
        "picomatch": "^2.2.1"
      },
      "engines": {
        "node": ">=8.10.0"
      }
    },
    "node_modules/redux": {
      "version": "4.2.1",
      "resolved": "https://registry.npmjs.org/redux/-/redux-4.2.1.tgz",
      "integrity": "sha512-LAUYz4lc+Do8/g7aeRa8JkyDErK6ekstQaqWQrNRW//MY1TvCEpMtpTWvlQ+FPbWCx+Xixu/6SHt5N0HR+SB4w==",
      "dependencies": {
        "@babel/runtime": "^7.9.2"
      }
    },
    "node_modules/regenerator-runtime": {
      "version": "0.13.11",
      "resolved": "https://registry.npmjs.org/regenerator-runtime/-/regenerator-runtime-0.13.11.tgz",
      "integrity": "sha512-kY1AZVr2Ra+t+piVaJ4gxaFaReZVH40AKNo7UCX6W+dEwBo/2oZJzqfuN1qLq1oL45o56cPaTXELwrTh8Fpggg=="
    },
    "node_modules/resize-observer-polyfill": {
      "version": "1.5.1",
      "resolved": "https://registry.npmjs.org/resize-observer-polyfill/-/resize-observer-polyfill-1.5.1.tgz",
      "integrity": "sha512-LwZrotdHOo12nQuZlHEmtuXdqGoOD0OhaxopaNFxWzInpEgaLWoVuAMbTzixuosCx2nEG58ngzW3vxdWoxIgdg=="
    },
    "node_modules/resolve": {
      "version": "1.22.2",
      "license": "MIT",
      "dependencies": {
        "is-core-module": "^2.11.0",
        "path-parse": "^1.0.7",
        "supports-preserve-symlinks-flag": "^1.0.0"
      },
      "bin": {
        "resolve": "bin/resolve"
      },
      "funding": {
        "url": "https://github.com/sponsors/ljharb"
      }
    },
    "node_modules/reusify": {
      "version": "1.0.4",
      "license": "MIT",
      "engines": {
        "iojs": ">=1.0.0",
        "node": ">=0.10.0"
      }
    },
    "node_modules/run-parallel": {
      "version": "1.2.0",
      "funding": [
        {
          "type": "github",
          "url": "https://github.com/sponsors/feross"
        },
        {
          "type": "patreon",
          "url": "https://www.patreon.com/feross"
        },
        {
          "type": "consulting",
          "url": "https://feross.org/support"
        }
      ],
      "license": "MIT",
      "dependencies": {
        "queue-microtask": "^1.2.2"
      }
    },
    "node_modules/scheduler": {
      "version": "0.23.0",
      "license": "MIT",
      "dependencies": {
        "loose-envify": "^1.1.0"
      }
    },
    "node_modules/slick-carousel": {
      "version": "1.8.1",
      "resolved": "https://registry.npmjs.org/slick-carousel/-/slick-carousel-1.8.1.tgz",
      "integrity": "sha512-XB9Ftrf2EEKfzoQXt3Nitrt/IPbT+f1fgqBdoxO3W/+JYvtEOW6EgxnWfr9GH6nmULv7Y2tPmEX3koxThVmebA==",
      "peerDependencies": {
        "jquery": ">=1.8.0"
      }
    },
    "node_modules/source-map-js": {
      "version": "1.0.2",
      "license": "BSD-3-Clause",
      "engines": {
        "node": ">=0.10.0"
      }
    },
    "node_modules/streamsearch": {
      "version": "1.1.0",
      "engines": {
        "node": ">=10.0.0"
      }
    },
    "node_modules/string-convert": {
      "version": "0.2.1",
      "resolved": "https://registry.npmjs.org/string-convert/-/string-convert-0.2.1.tgz",
      "integrity": "sha512-u/1tdPl4yQnPBjnVrmdLo9gtuLvELKsAoRapekWggdiQNvvvum+jYF329d84NAa660KQw7pB2n36KrIKVoXa3A=="
    },
    "node_modules/styled-jsx": {
      "version": "5.1.1",
      "license": "MIT",
      "dependencies": {
        "client-only": "0.0.1"
      },
      "engines": {
        "node": ">= 12.0.0"
      },
      "peerDependencies": {
        "react": ">= 16.8.0 || 17.x.x || ^18.0.0-0"
      },
      "peerDependenciesMeta": {
        "@babel/core": {
          "optional": true
        },
        "babel-plugin-macros": {
          "optional": true
        }
      }
    },
    "node_modules/sucrase": {
      "version": "3.32.0",
      "license": "MIT",
      "dependencies": {
        "@jridgewell/gen-mapping": "^0.3.2",
        "commander": "^4.0.0",
        "glob": "7.1.6",
        "lines-and-columns": "^1.1.6",
        "mz": "^2.7.0",
        "pirates": "^4.0.1",
        "ts-interface-checker": "^0.1.9"
      },
      "bin": {
        "sucrase": "bin/sucrase",
        "sucrase-node": "bin/sucrase-node"
      },
      "engines": {
        "node": ">=8"
      }
    },
    "node_modules/supports-preserve-symlinks-flag": {
      "version": "1.0.0",
      "license": "MIT",
      "engines": {
        "node": ">= 0.4"
      },
      "funding": {
        "url": "https://github.com/sponsors/ljharb"
      }
    },
    "node_modules/tailwindcss": {
      "version": "3.3.2",
      "resolved": "https://registry.npmjs.org/tailwindcss/-/tailwindcss-3.3.2.tgz",
      "integrity": "sha512-9jPkMiIBXvPc2KywkraqsUfbfj+dHDb+JPWtSJa9MLFdrPyazI7q6WX2sUrm7R9eVR7qqv3Pas7EvQFzxKnI6w==",
      "dependencies": {
        "@alloc/quick-lru": "^5.2.0",
        "arg": "^5.0.2",
        "chokidar": "^3.5.3",
        "didyoumean": "^1.2.2",
        "dlv": "^1.1.3",
        "fast-glob": "^3.2.12",
        "glob-parent": "^6.0.2",
        "is-glob": "^4.0.3",
        "jiti": "^1.18.2",
        "lilconfig": "^2.1.0",
        "micromatch": "^4.0.5",
        "normalize-path": "^3.0.0",
        "object-hash": "^3.0.0",
        "picocolors": "^1.0.0",
        "postcss": "^8.4.23",
        "postcss-import": "^15.1.0",
        "postcss-js": "^4.0.1",
        "postcss-load-config": "^4.0.1",
        "postcss-nested": "^6.0.1",
        "postcss-selector-parser": "^6.0.11",
        "postcss-value-parser": "^4.2.0",
        "resolve": "^1.22.2",
        "sucrase": "^3.32.0"
      },
      "bin": {
        "tailwind": "lib/cli.js",
        "tailwindcss": "lib/cli.js"
      },
      "engines": {
        "node": ">=14.0.0"
      }
    },
    "node_modules/thenify": {
      "version": "3.3.1",
      "license": "MIT",
      "dependencies": {
        "any-promise": "^1.0.0"
      }
    },
    "node_modules/thenify-all": {
      "version": "1.6.0",
      "license": "MIT",
      "dependencies": {
        "thenify": ">= 3.1.0 < 4"
      },
      "engines": {
        "node": ">=0.8"
      }
    },
    "node_modules/throttle-debounce": {
      "version": "2.3.0",
      "resolved": "https://registry.npmjs.org/throttle-debounce/-/throttle-debounce-2.3.0.tgz",
      "integrity": "sha512-H7oLPV0P7+jgvrk+6mwwwBDmxTaxnu9HMXmloNLXwnNO0ZxZ31Orah2n8lU1eMPvsaowP2CX+USCgyovXfdOFQ==",
      "engines": {
        "node": ">=8"
      }
    },
    "node_modules/to-regex-range": {
      "version": "5.0.1",
      "license": "MIT",
      "dependencies": {
        "is-number": "^7.0.0"
      },
      "engines": {
        "node": ">=8.0"
      }
    },
    "node_modules/ts-interface-checker": {
      "version": "0.1.13",
      "license": "Apache-2.0"
    },
    "node_modules/tslib": {
      "version": "2.5.3",
      "license": "0BSD"
    },
    "node_modules/typescript": {
      "version": "5.1.3",
      "resolved": "https://registry.npmjs.org/typescript/-/typescript-5.1.3.tgz",
      "integrity": "sha512-XH627E9vkeqhlZFQuL+UsyAXEnibT0kWR2FWONlr4sTjvxyJYnyefgrkyECLzM5NenmKzRAy2rR/OlYLA1HkZw==",
      "bin": {
        "tsc": "bin/tsc",
        "tsserver": "bin/tsserver"
      },
      "engines": {
        "node": ">=14.17"
      }
    },
    "node_modules/update-browserslist-db": {
      "version": "1.0.11",
      "funding": [
        {
          "type": "opencollective",
          "url": "https://opencollective.com/browserslist"
        },
        {
          "type": "tidelift",
          "url": "https://tidelift.com/funding/github/npm/browserslist"
        },
        {
          "type": "github",
          "url": "https://github.com/sponsors/ai"
        }
      ],
      "license": "MIT",
      "dependencies": {
        "escalade": "^3.1.1",
        "picocolors": "^1.0.0"
      },
      "bin": {
        "update-browserslist-db": "cli.js"
      },
      "peerDependencies": {
        "browserslist": ">= 4.21.0"
      }
    },
    "node_modules/use-sync-external-store": {
      "version": "1.2.0",
      "resolved": "https://registry.npmjs.org/use-sync-external-store/-/use-sync-external-store-1.2.0.tgz",
      "integrity": "sha512-eEgnFxGQ1Ife9bzYs6VLi8/4X6CObHMw9Qr9tPY43iKwsPw8xE8+EFsf/2cFZ5S3esXgpWgtSCtLNS41F+sKPA==",
      "peerDependencies": {
        "react": "^16.8.0 || ^17.0.0 || ^18.0.0"
      }
    },
    "node_modules/util-deprecate": {
      "version": "1.0.2",
      "license": "MIT"
    },
    "node_modules/video-react": {
      "version": "0.16.0",
      "resolved": "https://registry.npmjs.org/video-react/-/video-react-0.16.0.tgz",
      "integrity": "sha512-138NHPS8bmgqCYVCdbv2GVFhXntemNHWGw9AN8iJSzr3jizXMmWJd2LTBppr4hZJUbyW1A1tPZ3CQXZUaexMVA==",
      "dependencies": {
        "@babel/runtime": "^7.4.5",
        "classnames": "^2.2.6",
        "lodash.throttle": "^4.1.1",
        "prop-types": "^15.7.2",
        "redux": "^4.0.1"
      },
      "peerDependencies": {
        "react": "^15.0.0 || ^16.0.0 || ^17.0.0 || ^18.0.0",
        "react-dom": "^15.0.0 || ^16.0.0 || ^17.0.0 || ^18.0.0"
      }
    },
    "node_modules/watchpack": {
      "version": "2.4.0",
      "license": "MIT",
      "dependencies": {
        "glob-to-regexp": "^0.4.1",
        "graceful-fs": "^4.1.2"
      },
      "engines": {
        "node": ">=10.13.0"
      }
    },
    "node_modules/wrappy": {
      "version": "1.0.2",
      "license": "ISC"
    },
    "node_modules/yaml": {
      "version": "2.3.1",
      "license": "ISC",
      "engines": {
        "node": ">= 14"
      }
    },
    "node_modules/zod": {
      "version": "3.21.4",
      "license": "MIT",
      "funding": {
        "url": "https://github.com/sponsors/colinhacks"
      }
    },
    "node_modules/zustand": {
      "version": "4.3.8",
      "resolved": "https://registry.npmjs.org/zustand/-/zustand-4.3.8.tgz",
      "integrity": "sha512-4h28KCkHg5ii/wcFFJ5Fp+k1J3gJoasaIbppdgZFO4BPJnsNxL0mQXBSFgOgAdCdBj35aDTPvdAJReTMntFPGg==",
      "dependencies": {
        "use-sync-external-store": "1.2.0"
      },
      "engines": {
        "node": ">=12.7.0"
      },
      "peerDependencies": {
        "immer": ">=9.0",
        "react": ">=16.8"
      },
      "peerDependenciesMeta": {
        "immer": {
          "optional": true
        },
        "react": {
          "optional": true
        }
      }
    }
  }
}
